<?xml version="1.0"?>
<CONFIG>
  <ProjectOptions>
    <Version Value="9"/>
    <General>
      <SessionStorage Value="InProjectDir"/>
      <MainUnit Value="0"/>
      <Title Value="TorChat"/>
      <ResourceType Value="res"/>
      <UseXPManifest Value="True"/>
      <Icon Value="0"/>
    </General>
    <i18n>
      <EnableI18N Value="True" LFM="False"/>
      <OutDir Value="../../bin/translations"/>
    </i18n>
    <VersionInfo>
      <StringTable ProductVersion=""/>
    </VersionInfo>
    <BuildModes Count="3">
      <Item1 Name="Debug" Default="True"/>
      <Item2 Name="Release">
        <CompilerOptions>
          <Version Value="11"/>
          <Target>
            <Filename Value="../../bin/torchat"/>
          </Target>
          <SearchPaths>
            <IncludeFiles Value="$(ProjOutDir)"/>
            <OtherUnitFiles Value="../client"/>
            <UnitOutputDirectory Value="lib/$(TargetCPU)-$(TargetOS)"/>
          </SearchPaths>
          <CodeGeneration>
            <SmartLinkUnit Value="True"/>
            <Optimizations>
              <VariablesInRegisters Value="True"/>
              <UncertainOptimizations Value="True"/>
              <OptimizationLevel Value="3"/>
            </Optimizations>
          </CodeGeneration>
          <Linking>
            <Debugging>
              <GenerateDebugInfo Value="False"/>
              <UseLineInfoUnit Value="False"/>
              <StripSymbols Value="True"/>
            </Debugging>
            <LinkSmart Value="True"/>
            <Options>
              <PassLinkerOptions Value="True"/>
              <LinkerOptions Value="--stats --no-keep-memory --reduce-memory-overheads"/>
              <Win32>
                <GraphicApplication Value="True"/>
              </Win32>
            </Options>
          </Linking>
          <Other>
            <Verbosity>
              <ShowAllProcsOnError Value="True"/>
              <ShowSummary Value="True"/>
              <ShowHintsForUnusedUnitsInMainSrc Value="True"/>
            </Verbosity>
            <CompilerMessages>
              <IgnoredMessages idx5024="True"/>
              <UseMsgFile Value="True"/>
            </CompilerMessages>
            <CompilerPath Value="$(CompPath)"/>
          </Other>
        </CompilerOptions>
      </Item2>
      <Item3 Name="Release_no_smartlink">
        <CompilerOptions>
          <Version Value="11"/>
          <Target>
            <Filename Value="../../bin/torchat"/>
          </Target>
          <SearchPaths>
            <IncludeFiles Value="$(ProjOutDir)"/>
            <OtherUnitFiles Value="../client"/>
            <UnitOutputDirectory Value="lib/$(TargetCPU)-$(TargetOS)"/>
          </SearchPaths>
          <CodeGeneration>
            <SmartLinkUnit Value="True"/>
            <Optimizations>
              <VariablesInRegisters Value="True"/>
              <UncertainOptimizations Value="True"/>
              <OptimizationLevel Value="3"/>
            </Optimizations>
          </CodeGeneration>
          <Linking>
            <Debugging>
              <GenerateDebugInfo Value="False"/>
              <UseLineInfoUnit Value="False"/>
              <StripSymbols Value="True"/>
            </Debugging>
            <Options>
              <PassLinkerOptions Value="True"/>
              <LinkerOptions Value="--stats --no-keep-memory --reduce-memory-overheads"/>
              <Win32>
                <GraphicApplication Value="True"/>
              </Win32>
            </Options>
          </Linking>
          <Other>
            <Verbosity>
              <ShowAllProcsOnError Value="True"/>
              <ShowSummary Value="True"/>
              <ShowHintsForUnusedUnitsInMainSrc Value="True"/>
            </Verbosity>
            <CompilerMessages>
              <IgnoredMessages idx5024="True"/>
              <UseMsgFile Value="True"/>
            </CompilerMessages>
            <CompilerPath Value="$(CompPath)"/>
          </Other>
        </CompilerOptions>
      </Item3>
    </BuildModes>
    <PublishOptions>
      <Version Value="2"/>
      <IncludeFileFilter Value="*.(pas|pp|inc|lfm|lpr|lrs|lpi|lpk|sh|xml)"/>
      <ExcludeFileFilter Value="*.(bak|ppu|o|so);*~;backup"/>
    </PublishOptions>
    <RunParams>
      <local>
        <FormatVersion Value="1"/>
        <LaunchingApplication PathPlusParams="/usr/bin/xterm -T 'Lazarus Run Output' -e $(LazarusDir)/tools/runwait.sh $(TargetCmdLine)"/>
      </local>
    </RunParams>
    <RequiredPackages Count="1">
      <Item1>
        <PackageName Value="LCL"/>
      </Item1>
    </RequiredPackages>
    <Units Count="11">
      <Unit0>
        <Filename Value="torchat.lpr"/>
        <IsPartOfProject Value="True"/>
        <UnitName Value="torchat"/>
      </Unit0>
      <Unit1>
        <Filename Value="main.pas"/>
        <IsPartOfProject Value="True"/>
        <ComponentName Value="FMain"/>
        <ResourceBaseClass Value="Form"/>
        <UnitName Value="main"/>
      </Unit1>
      <Unit2>
        <Filename Value="language.pas"/>
        <IsPartOfProject Value="True"/>
        <UnitName Value="language"/>
      </Unit2>
      <Unit3>
        <Filename Value="../client/torprocess.pas"/>
        <IsPartOfProject Value="True"/>
        <UnitName Value="torprocess"/>
      </Unit3>
      <Unit4>
        <Filename Value="../client/clientconfig.pas"/>
        <IsPartOfProject Value="True"/>
        <UnitName Value="clientconfig"/>
      </Unit4>
      <Unit5>
        <Filename Value="../client/torchatclient.pas"/>
        <IsPartOfProject Value="True"/>
        <UnitName Value="torchatclient"/>
      </Unit5>
      <Unit6>
        <Filename Value="../client/networking.pas"/>
        <IsPartOfProject Value="True"/>
        <UnitName Value="networking"/>
      </Unit6>
      <Unit7>
        <Filename Value="../client/torchatabstract.pas"/>
        <IsPartOfProject Value="True"/>
        <UnitName Value="torchatabstract"/>
      </Unit7>
      <Unit8>
        <Filename Value="../client/receiver.pas"/>
        <IsPartOfProject Value="True"/>
        <UnitName Value="receiver"/>
      </Unit8>
      <Unit9>
        <Filename Value="../client/connection.pas"/>
        <IsPartOfProject Value="True"/>
        <UnitName Value="connection"/>
      </Unit9>
      <Unit10>
        <Filename Value="../client/miscfunc.pas"/>
        <IsPartOfProject Value="True"/>
        <UnitName Value="miscfunc"/>
      </Unit10>
    </Units>
  </ProjectOptions>
  <CompilerOptions>
    <Version Value="11"/>
    <Target>
      <Filename Value="../../bin/torchat"/>
    </Target>
    <SearchPaths>
      <IncludeFiles Value="$(ProjOutDir)"/>
      <OtherUnitFiles Value="../client"/>
      <UnitOutputDirectory Value="lib/$(TargetCPU)-$(TargetOS)"/>
    </SearchPaths>
    <CodeGeneration>
      <SmartLinkUnit Value="True"/>
    </CodeGeneration>
    <Linking>
      <Debugging>
        <UseLineInfoUnit Value="False"/>
        <StripSymbols Value="True"/>
      </Debugging>
      <Options>
        <PassLinkerOptions Value="True"/>
        <LinkerOptions Value="--stats --no-keep-memory --reduce-memory-overheads"/>
      </Options>
    </Linking>
    <Other>
      <Verbosity>
        <ShowAllProcsOnError Value="True"/>
        <ShowSummary Value="True"/>
        <ShowHintsForUnusedUnitsInMainSrc Value="True"/>
      </Verbosity>
      <CompilerMessages>
        <IgnoredMessages idx5024="True"/>
        <UseMsgFile Value="True"/>
      </CompilerMessages>
      <CompilerPath Value="$(CompPath)"/>
    </Other>
  </CompilerOptions>
  <Debugging>
    <Exceptions Count="4">
      <Item1>
        <Name Value="EAbort"/>
      </Item1>
      <Item2>
        <Name Value="ECodetoolError"/>
      </Item2>
      <Item3>
        <Name Value="EFOpenError"/>
      </Item3>
      <Item4>
        <Name Value="ENetworkError"/>
      </Item4>
    </Exceptions>
  </Debugging>
</CONFIG>
