<?xml version="1.0"?>
<CONFIG>
  <ProjectOptions>
    <Version Value="9"/>
    <General>
      <Flags>
        <MainUnitHasCreateFormStatements Value="False"/>
        <MainUnitHasTitleStatement Value="False"/>
      </Flags>
      <SessionStorage Value="InProjectDir"/>
      <MainUnit Value="0"/>
      <Title Value="purpletorchat"/>
      <UseAppBundle Value="False"/>
      <ResourceType Value="res"/>
    </General>
    <i18n>
      <EnableI18N LFM="False"/>
    </i18n>
    <VersionInfo>
      <StringTable ProductVersion=""/>
    </VersionInfo>
    <BuildModes Count="5">
      <Item1 Name="Release" Default="True"/>
      <Item2 Name="Debug">
        <CompilerOptions>
          <Version Value="11"/>
          <Target>
            <Filename Value="../../bin/purpletorchat"/>
          </Target>
          <SearchPaths>
            <IncludeFiles Value="$(ProjOutDir)"/>
            <OtherUnitFiles Value="../core;../core/lnet-0.6.5"/>
            <UnitOutputDirectory Value="lib/$(TargetCPU)-$(TargetOS)"/>
          </SearchPaths>
          <CodeGeneration>
            <SmartLinkUnit Value="True"/>
            <Optimizations>
              <OptimizationLevel Value="0"/>
            </Optimizations>
          </CodeGeneration>
          <Linking>
            <Options>
              <PassLinkerOptions Value="True"/>
              <LinkerOptions Value="--stats --no-keep-memory --reduce-memory-overheads"/>
              <ExecutableType Value="Library"/>
            </Options>
          </Linking>
          <Other>
            <Verbosity>
              <ShoLineNum Value="True"/>
              <ShowAllProcsOnError Value="True"/>
              <ShowSummary Value="True"/>
              <ShowHintsForUnusedUnitsInMainSrc Value="True"/>
            </Verbosity>
            <CompilerMessages>
              <IgnoredMessages idx5024="True"/>
              <UseMsgFile Value="True"/>
            </CompilerMessages>
            <CustomOptions Value="-dDebugToConsole 
-dDebugToFile
-dUseHeapTrc"/>
            <CompilerPath Value="$(CompPath)"/>
          </Other>
        </CompilerOptions>
      </Item2>
      <Item3 Name="Windows-32 Release">
        <CompilerOptions>
          <Version Value="11"/>
          <Target>
            <Filename Value="../../bin/purpletorchat"/>
          </Target>
          <SearchPaths>
            <IncludeFiles Value="$(ProjOutDir)"/>
            <OtherUnitFiles Value="../core;../core/lnet-0.6.5"/>
            <UnitOutputDirectory Value="lib/$(TargetCPU)-$(TargetOS)"/>
          </SearchPaths>
          <CodeGeneration>
            <SmartLinkUnit Value="True"/>
            <TargetCPU Value="i386"/>
            <TargetOS Value="win32"/>
            <Optimizations>
              <VariablesInRegisters Value="True"/>
              <UncertainOptimizations Value="True"/>
              <OptimizationLevel Value="3"/>
            </Optimizations>
          </CodeGeneration>
          <Linking>
            <Debugging>
              <GenerateDebugInfo Value="False"/>
              <UseLineInfoUnit Value="False"/>
              <StripSymbols Value="True"/>
            </Debugging>
            <LinkSmart Value="True"/>
            <Options>
              <PassLinkerOptions Value="True"/>
              <LinkerOptions Value="--stats --no-keep-memory --reduce-memory-overheads"/>
              <ExecutableType Value="Library"/>
            </Options>
          </Linking>
          <Other>
            <Verbosity>
              <ShoLineNum Value="True"/>
              <ShowAllProcsOnError Value="True"/>
              <ShowSummary Value="True"/>
              <ShowHintsForUnusedUnitsInMainSrc Value="True"/>
            </Verbosity>
            <CompilerMessages>
              <UseMsgFile Value="True"/>
            </CompilerMessages>
            <CompilerPath Value="$(CompPath)"/>
          </Other>
        </CompilerOptions>
      </Item3>
      <Item4 Name="Windows-32 Debug">
        <CompilerOptions>
          <Version Value="11"/>
          <Target>
            <Filename Value="../../bin/purpletorchat"/>
          </Target>
          <SearchPaths>
            <IncludeFiles Value="$(ProjOutDir)"/>
            <OtherUnitFiles Value="../core;../core/lnet-0.6.5"/>
            <UnitOutputDirectory Value="lib/$(TargetCPU)-$(TargetOS)"/>
          </SearchPaths>
          <CodeGeneration>
            <TargetCPU Value="i386"/>
            <TargetOS Value="win32"/>
            <Optimizations>
              <OptimizationLevel Value="0"/>
            </Optimizations>
          </CodeGeneration>
          <Linking>
            <Options>
              <PassLinkerOptions Value="True"/>
              <LinkerOptions Value="--stats --no-keep-memory --reduce-memory-overheads"/>
              <ExecutableType Value="Library"/>
            </Options>
          </Linking>
          <Other>
            <Verbosity>
              <ShoLineNum Value="True"/>
              <ShowAllProcsOnError Value="True"/>
              <ShowSummary Value="True"/>
              <ShowHintsForUnusedUnitsInMainSrc Value="True"/>
            </Verbosity>
            <CompilerMessages>
              <UseMsgFile Value="True"/>
            </CompilerMessages>
            <CustomOptions Value="-dDebugToConsole 
-dUseHeapTrc"/>
            <CompilerPath Value="$(CompPath)"/>
          </Other>
        </CompilerOptions>
      </Item4>
      <Item5 Name="Linux-64 Debug">
        <CompilerOptions>
          <Version Value="11"/>
          <Target>
            <Filename Value="../../bin/purpletorchat"/>
          </Target>
          <SearchPaths>
            <IncludeFiles Value="$(ProjOutDir)"/>
            <OtherUnitFiles Value="../core;../core/lnet-0.6.5"/>
            <UnitOutputDirectory Value="lib/$(TargetCPU)-$(TargetOS)"/>
          </SearchPaths>
          <CodeGeneration>
            <SmartLinkUnit Value="True"/>
            <TargetCPU Value="x86_64"/>
            <TargetOS Value="linux"/>
            <Optimizations>
              <OptimizationLevel Value="0"/>
            </Optimizations>
          </CodeGeneration>
          <Linking>
            <Options>
              <PassLinkerOptions Value="True"/>
              <LinkerOptions Value="--stats --no-keep-memory --reduce-memory-overheads"/>
              <ExecutableType Value="Library"/>
            </Options>
          </Linking>
          <Other>
            <Verbosity>
              <ShoLineNum Value="True"/>
              <ShowAllProcsOnError Value="True"/>
              <ShowSummary Value="True"/>
              <ShowHintsForUnusedUnitsInMainSrc Value="True"/>
            </Verbosity>
            <CompilerMessages>
              <UseMsgFile Value="True"/>
            </CompilerMessages>
            <CustomOptions Value="-dDebugToConsole 
-dUseHeapTrc 
-fPIC"/>
            <CompilerPath Value="/usr/local/bin/ppcrossx64"/>
          </Other>
        </CompilerOptions>
      </Item5>
    </BuildModes>
    <PublishOptions>
      <Version Value="2"/>
      <IncludeFileFilter Value="*.(pas|pp|inc|lfm|lpr|lrs|lpi|lpk|sh|xml)"/>
      <ExcludeFileFilter Value="*.(bak|ppu|o|so);*~;backup"/>
    </PublishOptions>
    <RunParams>
      <local>
        <FormatVersion Value="1"/>
        <HostApplicationFilename Value="/usr/bin/pidgin"/>
        <LaunchingApplication PathPlusParams="/usr/bin/xterm -T 'Lazarus Run Output' -e $(LazarusDir)/tools/runwait.sh $(TargetCmdLine)"/>
      </local>
    </RunParams>
    <Units Count="28">
      <Unit0>
        <Filename Value="purpletorchat.lpr"/>
        <IsPartOfProject Value="True"/>
        <UnitName Value="purpletorchat"/>
      </Unit0>
      <Unit1>
        <Filename Value="purple.pas"/>
        <IsPartOfProject Value="True"/>
        <UnitName Value="purple"/>
      </Unit1>
      <Unit2>
        <Filename Value="../core/tc_client.pas"/>
        <IsPartOfProject Value="True"/>
        <UnitName Value="tc_client"/>
      </Unit2>
      <Unit3>
        <Filename Value="../core/tc_config.pas"/>
        <IsPartOfProject Value="True"/>
        <UnitName Value="tc_config"/>
      </Unit3>
      <Unit4>
        <Filename Value="../core/tc_tor.pas"/>
        <IsPartOfProject Value="True"/>
        <UnitName Value="tc_tor"/>
      </Unit4>
      <Unit5>
        <Filename Value="../core/tc_misc.pas"/>
        <IsPartOfProject Value="True"/>
        <UnitName Value="tc_misc"/>
      </Unit5>
      <Unit6>
        <Filename Value="../core/tc_protocol.pas"/>
        <IsPartOfProject Value="True"/>
        <UnitName Value="tc_protocol"/>
      </Unit6>
      <Unit7>
        <Filename Value="../core/tc_conn.pas"/>
        <IsPartOfProject Value="True"/>
        <UnitName Value="tc_conn"/>
      </Unit7>
      <Unit8>
        <Filename Value="../core/tc_interface.pas"/>
        <IsPartOfProject Value="True"/>
        <UnitName Value="tc_interface"/>
      </Unit8>
      <Unit9>
        <Filename Value="../core/tc_buddy.pas"/>
        <IsPartOfProject Value="True"/>
        <UnitName Value="tc_buddy"/>
      </Unit9>
      <Unit10>
        <Filename Value="../core/tc_prot_ping.pas"/>
        <IsPartOfProject Value="True"/>
        <UnitName Value="tc_prot_ping"/>
      </Unit10>
      <Unit11>
        <Filename Value="../core/tc_prot_add_me.pas"/>
        <IsPartOfProject Value="True"/>
        <UnitName Value="tc_prot_add_me"/>
      </Unit11>
      <Unit12>
        <Filename Value="../core/tc_msgqueue.pas"/>
        <IsPartOfProject Value="True"/>
        <UnitName Value="tc_msgqueue"/>
      </Unit12>
      <Unit13>
        <Filename Value="purplehelper.pas"/>
        <IsPartOfProject Value="True"/>
        <UnitName Value="purplehelper"/>
      </Unit13>
      <Unit14>
        <Filename Value="../core/tc_roster.pas"/>
        <IsPartOfProject Value="True"/>
        <UnitName Value="tc_roster"/>
      </Unit14>
      <Unit15>
        <Filename Value="../core/tc_templist.pas"/>
        <IsPartOfProject Value="True"/>
        <UnitName Value="tc_templist"/>
      </Unit15>
      <Unit16>
        <Filename Value="../core/tc_prot_not_implemented.pas"/>
        <IsPartOfProject Value="True"/>
        <UnitName Value="tc_prot_not_implemented"/>
      </Unit16>
      <Unit17>
        <Filename Value="../core/tc_prot_pong.pas"/>
        <IsPartOfProject Value="True"/>
        <UnitName Value="tc_prot_pong"/>
      </Unit17>
      <Unit18>
        <Filename Value="../core/tc_prot_status.pas"/>
        <IsPartOfProject Value="True"/>
        <UnitName Value="tc_prot_status"/>
      </Unit18>
      <Unit19>
        <Filename Value="../core/tc_prot_remove_me.pas"/>
        <IsPartOfProject Value="True"/>
        <UnitName Value="tc_prot_remove_me"/>
      </Unit19>
      <Unit20>
        <Filename Value="../core/tc_prot_version.pas"/>
        <IsPartOfProject Value="True"/>
        <UnitName Value="tc_prot_version"/>
      </Unit20>
      <Unit21>
        <Filename Value="../core/tc_prot_client.pas"/>
        <IsPartOfProject Value="True"/>
        <UnitName Value="tc_prot_client"/>
      </Unit21>
      <Unit22>
        <Filename Value="../core/tc_prot_message.pas"/>
        <IsPartOfProject Value="True"/>
        <UnitName Value="tc_prot_message"/>
      </Unit22>
      <Unit23>
        <Filename Value="../core/tc_prot_profile_avatar_alpha.pas"/>
        <IsPartOfProject Value="True"/>
        <UnitName Value="tc_prot_profile_avatar_alpha"/>
      </Unit23>
      <Unit24>
        <Filename Value="../core/tc_prot_profile_avatar.pas"/>
        <IsPartOfProject Value="True"/>
        <UnitName Value="tc_prot_profile_avatar"/>
      </Unit24>
      <Unit25>
        <Filename Value="../core/tc_const.pas"/>
        <IsPartOfProject Value="True"/>
        <UnitName Value="tc_const"/>
      </Unit25>
      <Unit26>
        <Filename Value="../core/tc_prot_profile_name.pas"/>
        <IsPartOfProject Value="True"/>
        <UnitName Value="tc_prot_profile_name"/>
      </Unit26>
      <Unit27>
        <Filename Value="../core/tc_prot_profile_text.pas"/>
        <IsPartOfProject Value="True"/>
        <UnitName Value="tc_prot_profile_text"/>
      </Unit27>
    </Units>
  </ProjectOptions>
  <CompilerOptions>
    <Version Value="11"/>
    <Target>
      <Filename Value="../../bin/purpletorchat"/>
    </Target>
    <SearchPaths>
      <IncludeFiles Value="$(ProjOutDir)"/>
      <OtherUnitFiles Value="../core;../core/lnet-0.6.5"/>
      <UnitOutputDirectory Value="lib/$(TargetCPU)-$(TargetOS)"/>
    </SearchPaths>
    <CodeGeneration>
      <SmartLinkUnit Value="True"/>
      <Optimizations>
        <VariablesInRegisters Value="True"/>
        <UncertainOptimizations Value="True"/>
        <OptimizationLevel Value="3"/>
      </Optimizations>
    </CodeGeneration>
    <Linking>
      <Debugging>
        <GenerateDebugInfo Value="False"/>
        <UseLineInfoUnit Value="False"/>
        <StripSymbols Value="True"/>
      </Debugging>
      <LinkSmart Value="True"/>
      <Options>
        <PassLinkerOptions Value="True"/>
        <LinkerOptions Value="--stats --no-keep-memory --reduce-memory-overheads"/>
        <ExecutableType Value="Library"/>
      </Options>
    </Linking>
    <Other>
      <Verbosity>
        <ShoLineNum Value="True"/>
        <ShowAllProcsOnError Value="True"/>
        <ShowSummary Value="True"/>
        <ShowHintsForUnusedUnitsInMainSrc Value="True"/>
      </Verbosity>
      <CompilerMessages>
        <UseMsgFile Value="True"/>
      </CompilerMessages>
      <CompilerPath Value="$(CompPath)"/>
    </Other>
  </CompilerOptions>
  <Debugging>
    <Exceptions Count="3">
      <Item1>
        <Name Value="EAbort"/>
      </Item1>
      <Item2>
        <Name Value="ECodetoolError"/>
      </Item2>
      <Item3>
        <Name Value="EFOpenError"/>
      </Item3>
    </Exceptions>
  </Debugging>
</CONFIG>
