<?xml version="1.0"?>
<CONFIG>
  <ProjectOptions>
    <Version Value="9"/>
    <General>
      <Flags>
        <MainUnitHasCreateFormStatements Value="False"/>
        <MainUnitHasTitleStatement Value="False"/>
      </Flags>
      <SessionStorage Value="InProjectDir"/>
      <MainUnit Value="0"/>
      <Title Value="purpletorchat"/>
      <UseAppBundle Value="False"/>
      <ResourceType Value="res"/>
    </General>
    <i18n>
      <EnableI18N LFM="False"/>
    </i18n>
    <VersionInfo>
      <StringTable ProductVersion=""/>
    </VersionInfo>
    <BuildModes Count="5">
      <Item1 Name="Release" Default="True"/>
      <Item2 Name="Debug">
        <CompilerOptions>
          <Version Value="11"/>
          <Target>
            <Filename Value="../../bin/purpletorchat"/>
          </Target>
          <SearchPaths>
            <IncludeFiles Value="$(ProjOutDir)"/>
            <OtherUnitFiles Value="../client"/>
            <UnitOutputDirectory Value="lib/$(TargetCPU)-$(TargetOS)"/>
          </SearchPaths>
          <CodeGeneration>
            <SmartLinkUnit Value="True"/>
            <Optimizations>
              <OptimizationLevel Value="0"/>
            </Optimizations>
          </CodeGeneration>
          <Linking>
            <Options>
              <PassLinkerOptions Value="True"/>
              <LinkerOptions Value="--stats --no-keep-memory --reduce-memory-overheads"/>
              <ExecutableType Value="Library"/>
            </Options>
          </Linking>
          <Other>
            <Verbosity>
              <ShoLineNum Value="True"/>
              <ShowAllProcsOnError Value="True"/>
              <ShowSummary Value="True"/>
              <ShowHintsForUnusedUnitsInMainSrc Value="True"/>
            </Verbosity>
            <CompilerMessages>
              <UseMsgFile Value="True"/>
            </CompilerMessages>
            <CustomOptions Value="-dDebugToConsole 
-dUseHeapTrc
-dNoOutputRedirect"/>
            <CompilerPath Value="$(CompPath)"/>
          </Other>
        </CompilerOptions>
      </Item2>
      <Item3 Name="(cross) Release/i386-win32">
        <CompilerOptions>
          <Version Value="11"/>
          <Target>
            <Filename Value="../../bin/purpletorchat"/>
          </Target>
          <SearchPaths>
            <IncludeFiles Value="$(ProjOutDir)"/>
            <OtherUnitFiles Value="../client"/>
            <UnitOutputDirectory Value="lib/$(TargetCPU)-$(TargetOS)"/>
          </SearchPaths>
          <CodeGeneration>
            <SmartLinkUnit Value="True"/>
            <TargetCPU Value="i386"/>
            <TargetOS Value="win32"/>
            <Optimizations>
              <VariablesInRegisters Value="True"/>
              <UncertainOptimizations Value="True"/>
              <OptimizationLevel Value="3"/>
            </Optimizations>
          </CodeGeneration>
          <Linking>
            <Debugging>
              <GenerateDebugInfo Value="False"/>
              <UseLineInfoUnit Value="False"/>
              <StripSymbols Value="True"/>
            </Debugging>
            <LinkSmart Value="True"/>
            <Options>
              <PassLinkerOptions Value="True"/>
              <LinkerOptions Value="--stats --no-keep-memory --reduce-memory-overheads"/>
              <ExecutableType Value="Library"/>
            </Options>
          </Linking>
          <Other>
            <Verbosity>
              <ShoLineNum Value="True"/>
              <ShowAllProcsOnError Value="True"/>
              <ShowSummary Value="True"/>
              <ShowHintsForUnusedUnitsInMainSrc Value="True"/>
            </Verbosity>
            <CompilerMessages>
              <UseMsgFile Value="True"/>
            </CompilerMessages>
            <CompilerPath Value="$(CompPath)"/>
          </Other>
        </CompilerOptions>
      </Item3>
      <Item4 Name="(cross) Debug/i386_win32">
        <CompilerOptions>
          <Version Value="11"/>
          <Target>
            <Filename Value="../../bin/purpletorchat"/>
          </Target>
          <SearchPaths>
            <IncludeFiles Value="$(ProjOutDir)"/>
            <OtherUnitFiles Value="../client"/>
            <UnitOutputDirectory Value="lib/$(TargetCPU)-$(TargetOS)"/>
          </SearchPaths>
          <CodeGeneration>
            <SmartLinkUnit Value="True"/>
            <TargetCPU Value="i386"/>
            <TargetOS Value="win32"/>
            <Optimizations>
              <OptimizationLevel Value="0"/>
            </Optimizations>
          </CodeGeneration>
          <Linking>
            <Options>
              <PassLinkerOptions Value="True"/>
              <LinkerOptions Value="--stats --no-keep-memory --reduce-memory-overheads"/>
              <ExecutableType Value="Library"/>
            </Options>
          </Linking>
          <Other>
            <Verbosity>
              <ShoLineNum Value="True"/>
              <ShowAllProcsOnError Value="True"/>
              <ShowSummary Value="True"/>
              <ShowHintsForUnusedUnitsInMainSrc Value="True"/>
            </Verbosity>
            <CompilerMessages>
              <UseMsgFile Value="True"/>
            </CompilerMessages>
            <CustomOptions Value="-dDebugToConsole 
-dUseHeapTrc"/>
            <CompilerPath Value="$(CompPath)"/>
          </Other>
        </CompilerOptions>
      </Item4>
      <Item5 Name="(cross) Debug/x64-linux">
        <CompilerOptions>
          <Version Value="11"/>
          <Target>
            <Filename Value="../../bin/purpletorchat"/>
          </Target>
          <SearchPaths>
            <IncludeFiles Value="$(ProjOutDir)"/>
            <OtherUnitFiles Value="../client"/>
            <UnitOutputDirectory Value="lib/$(TargetCPU)-$(TargetOS)"/>
          </SearchPaths>
          <CodeGeneration>
            <SmartLinkUnit Value="True"/>
            <TargetCPU Value="x86_64"/>
            <TargetOS Value="linux"/>
            <Optimizations>
              <OptimizationLevel Value="0"/>
            </Optimizations>
          </CodeGeneration>
          <Linking>
            <Options>
              <PassLinkerOptions Value="True"/>
              <LinkerOptions Value="--stats --no-keep-memory --reduce-memory-overheads"/>
              <ExecutableType Value="Library"/>
            </Options>
          </Linking>
          <Other>
            <Verbosity>
              <ShoLineNum Value="True"/>
              <ShowAllProcsOnError Value="True"/>
              <ShowSummary Value="True"/>
              <ShowHintsForUnusedUnitsInMainSrc Value="True"/>
            </Verbosity>
            <CompilerMessages>
              <UseMsgFile Value="True"/>
            </CompilerMessages>
            <CustomOptions Value="-dDebugToConsole 
-dUseHeapTrc 
-fPIC"/>
            <CompilerPath Value="/usr/local/bin/ppcrossx64"/>
          </Other>
        </CompilerOptions>
      </Item5>
    </BuildModes>
    <PublishOptions>
      <Version Value="2"/>
      <IncludeFileFilter Value="*.(pas|pp|inc|lfm|lpr|lrs|lpi|lpk|sh|xml)"/>
      <ExcludeFileFilter Value="*.(bak|ppu|o|so);*~;backup"/>
    </PublishOptions>
    <RunParams>
      <local>
        <FormatVersion Value="1"/>
        <HostApplicationFilename Value="/usr/bin/pidgin"/>
        <LaunchingApplication PathPlusParams="/usr/bin/xterm -T 'Lazarus Run Output' -e $(LazarusDir)/tools/runwait.sh $(TargetCmdLine)"/>
      </local>
    </RunParams>
    <RequiredPackages Count="1">
      <Item1>
        <PackageName Value="LCL"/>
      </Item1>
    </RequiredPackages>
    <Units Count="17">
      <Unit0>
        <Filename Value="purpletorchat.lpr"/>
        <IsPartOfProject Value="True"/>
        <UnitName Value="purpletorchat"/>
      </Unit0>
      <Unit1>
        <Filename Value="purple.pas"/>
        <IsPartOfProject Value="True"/>
        <UnitName Value="purple"/>
      </Unit1>
      <Unit2>
        <Filename Value="../client/torchatclient.pas"/>
        <IsPartOfProject Value="True"/>
        <UnitName Value="torchatclient"/>
      </Unit2>
      <Unit3>
        <Filename Value="../client/clientconfig.pas"/>
        <IsPartOfProject Value="True"/>
        <UnitName Value="clientconfig"/>
      </Unit3>
      <Unit4>
        <Filename Value="../client/torprocess.pas"/>
        <IsPartOfProject Value="True"/>
        <UnitName Value="torprocess"/>
      </Unit4>
      <Unit5>
        <Filename Value="../client/miscfunc.pas"/>
        <IsPartOfProject Value="True"/>
        <UnitName Value="miscfunc"/>
      </Unit5>
      <Unit6>
        <Filename Value="../client/protocol.pas"/>
        <IsPartOfProject Value="True"/>
        <UnitName Value="protocol"/>
      </Unit6>
      <Unit7>
        <Filename Value="../client/connection.pas"/>
        <IsPartOfProject Value="True"/>
        <UnitName Value="connection"/>
      </Unit7>
      <Unit8>
        <Filename Value="../client/networking.pas"/>
        <IsPartOfProject Value="True"/>
        <UnitName Value="networking"/>
      </Unit8>
      <Unit9>
        <Filename Value="../client/receiver.pas"/>
        <IsPartOfProject Value="True"/>
        <UnitName Value="receiver"/>
      </Unit9>
      <Unit10>
        <Filename Value="../client/torchatabstract.pas"/>
        <IsPartOfProject Value="True"/>
        <UnitName Value="torchatabstract"/>
      </Unit10>
      <Unit11>
        <Filename Value="../client/buddy.pas"/>
        <IsPartOfProject Value="True"/>
        <UnitName Value="buddy"/>
      </Unit11>
      <Unit12>
        <Filename Value="../client/protocol_ping.pas"/>
        <IsPartOfProject Value="True"/>
        <UnitName Value="protocol_ping"/>
      </Unit12>
      <Unit13>
        <Filename Value="../client/protocol_pong.pas"/>
        <IsPartOfProject Value="True"/>
        <UnitName Value="protocol_pong"/>
      </Unit13>
      <Unit14>
        <Filename Value="../client/internalmessage.pas"/>
        <IsPartOfProject Value="True"/>
        <UnitName Value="internalmessage"/>
      </Unit14>
      <Unit15>
        <Filename Value="purplehelper.pas"/>
        <IsPartOfProject Value="True"/>
        <UnitName Value="purplehelper"/>
      </Unit15>
      <Unit16>
        <Filename Value="../client/buddylist.pas"/>
        <IsPartOfProject Value="True"/>
        <UnitName Value="buddylist"/>
      </Unit16>
    </Units>
  </ProjectOptions>
  <CompilerOptions>
    <Version Value="11"/>
    <Target>
      <Filename Value="../../bin/purpletorchat"/>
    </Target>
    <SearchPaths>
      <IncludeFiles Value="$(ProjOutDir)"/>
      <OtherUnitFiles Value="../client"/>
      <UnitOutputDirectory Value="lib/$(TargetCPU)-$(TargetOS)"/>
    </SearchPaths>
    <CodeGeneration>
      <SmartLinkUnit Value="True"/>
      <Optimizations>
        <VariablesInRegisters Value="True"/>
        <UncertainOptimizations Value="True"/>
        <OptimizationLevel Value="3"/>
      </Optimizations>
    </CodeGeneration>
    <Linking>
      <Debugging>
        <GenerateDebugInfo Value="False"/>
        <UseLineInfoUnit Value="False"/>
        <StripSymbols Value="True"/>
      </Debugging>
      <LinkSmart Value="True"/>
      <Options>
        <PassLinkerOptions Value="True"/>
        <LinkerOptions Value="--stats --no-keep-memory --reduce-memory-overheads"/>
        <ExecutableType Value="Library"/>
      </Options>
    </Linking>
    <Other>
      <Verbosity>
        <ShoLineNum Value="True"/>
        <ShowAllProcsOnError Value="True"/>
        <ShowSummary Value="True"/>
        <ShowHintsForUnusedUnitsInMainSrc Value="True"/>
      </Verbosity>
      <CompilerMessages>
        <UseMsgFile Value="True"/>
      </CompilerMessages>
      <CompilerPath Value="$(CompPath)"/>
    </Other>
  </CompilerOptions>
  <Debugging>
    <Exceptions Count="3">
      <Item1>
        <Name Value="EAbort"/>
      </Item1>
      <Item2>
        <Name Value="ECodetoolError"/>
      </Item2>
      <Item3>
        <Name Value="EFOpenError"/>
      </Item3>
    </Exceptions>
  </Debugging>
</CONFIG>
